
Microsoft Visual Studio Solution File, Format Version 12.00
# Visual Studio Version 17
VisualStudioVersion = 17.0.32002.185
MinimumVisualStudioVersion = 10.0.40219.1
Project("{FAE04EC0-301F-11D3-BF4B-00C04F79EFBC}") = "Lekse 03.01.2022", "Lekse 03.01.2022\Lekse 03.01.2022.csproj", "{F1C99DA5-E91D-407C-86F9-26060C75C1EE}"
EndProject
Global
	GlobalSection(SolutionConfigurationPlatforms) = preSolution
		Debug|Any CPU = Debug|Any CPU
		Release|Any CPU = Release|Any CPU
	EndGlobalSection
	GlobalSection(ProjectConfigurationPlatforms) = postSolution
		{F1C99DA5-E91D-407C-86F9-26060C75C1EE}.Debug|Any CPU.ActiveCfg = Debug|Any CPU
		{F1C99DA5-E91D-407C-86F9-26060C75C1EE}.Debug|Any CPU.Build.0 = Debug|Any CPU
		{F1C99DA5-E91D-407C-86F9-26060C75C1EE}.Release|Any CPU.ActiveCfg = Release|Any CPU
		{F1C99DA5-E91D-407C-86F9-26060C75C1EE}.Release|Any CPU.Build.0 = Release|Any CPU
	EndGlobalSection
	GlobalSection(SolutionProperties) = preSolution
		HideSolutionNode = FALSE
	EndGlobalSection
	GlobalSection(ExtensibilityGlobals) = postSolution
		SolutionGuid = {69A0B5A9-15FA-4B1F-80FA-EB0D1E35340A}
	EndGlobalSection
EndGlobal
